
Microsoft Visual Studio Solution File, Format Version 12.00
Project("{FAE04EC0-301F-11D3-BF4B-00C04F79EFBC}") = "Windows Programming Exercises", "Windows Programming Exercises\Windows Programming Exercises.csproj", "{A5844D81-05F4-41A2-891D-ACEA45B35C04}"
EndProject
Global
	GlobalSection(SolutionConfigurationPlatforms) = preSolution
		Debug|Any CPU = Debug|Any CPU
		Release|Any CPU = Release|Any CPU
	EndGlobalSection
	GlobalSection(ProjectConfigurationPlatforms) = postSolution
		{A5844D81-05F4-41A2-891D-ACEA45B35C04}.Debug|Any CPU.ActiveCfg = Debug|Any CPU
		{A5844D81-05F4-41A2-891D-ACEA45B35C04}.Debug|Any CPU.Build.0 = Debug|Any CPU
		{A5844D81-05F4-41A2-891D-ACEA45B35C04}.Release|Any CPU.ActiveCfg = Release|Any CPU
		{A5844D81-05F4-41A2-891D-ACEA45B35C04}.Release|Any CPU.Build.0 = Release|Any CPU
	EndGlobalSection
EndGlobal
